<Solution>
  <Folder Name="/src/">
    <Project Path="src/WinRadioPlayer.Core/WinRadioPlayer.Core.csproj" />
    <Project Path="src/WinRadioPlayer/WinRadioPlayer.csproj">
      <Platform Project="x64" />
    </Project>
  </Folder>
  <Folder Name="/tests/">
    <Project Path="tests/WinRadioPlayer.Core.Tests/WinRadioPlayer.Core.Tests.csproj" />
  </Folder>
</Solution>
